# This file is autogenerated, do not edit; changes may be undone by the next 'dep ensure'.


[[projects]]
  digest = "1:468a39c785bccced57375fb5a804704b3f88726113dff7c000884bb812d1acac"
  name = "cloud.google.com/go"
  packages = ["compute/metadata"]
  pruneopts = ""
  revision = "44bcd0b2078ba5e7fedbeb36808d1ed893534750"
  version = "v0.11.0"

[[projects]]
  digest = "1:9a11be778d5fcb8e4873e64a097dfd2862d8665d9e2d969b90810d5272e51acb"
  name = "github.com/Azure/azure-sdk-for-go"
  packages = ["storage"]
  pruneopts = ""
  revision = "2d49bb8f2cee530cc16f1f1a9f0aae763dee257d"
  version = "v10.2.1-beta"

[[projects]]
  digest = "1:fd2ba97525fca9b2e7cef01858b6b7dbca16eed8f6a9a3dc4809d3bcbbb831d3"
  name = "github.com/Azure/go-autorest"
  packages = [
    "autorest",
    "autorest/adal",
    "autorest/azure",
    "autorest/date",
  ]
  pruneopts = ""
  revision = "5432abe734f8d95c78340cd56712f912906e6514"
  version = "v8.3.1"

[[projects]]
  digest = "1:ff16b0000b0b8a457b1ffb9011363bba1cc9efd7abceaa2ac260c04722f83c9a"
  name = "github.com/aws/aws-sdk-go"
  packages = [
    "aws",
    "aws/awserr",
    "aws/awsutil",
    "aws/client",
    "aws/client/metadata",
    "aws/corehandlers",
    "aws/credentials",
    "aws/credentials/ec2rolecreds",
    "aws/credentials/endpointcreds",
    "aws/credentials/stscreds",
    "aws/defaults",
    "aws/ec2metadata",
    "aws/endpoints",
    "aws/request",
    "aws/session",
    "aws/signer/v4",
    "internal/shareddefaults",
    "private/protocol",
    "private/protocol/query",
    "private/protocol/query/queryutil",
    "private/protocol/rest",
    "private/protocol/restxml",
    "private/protocol/xml/xmlutil",
    "service/s3",
    "service/sts",
  ]
  pruneopts = ""
  revision = "1850f427c33c2558a2118dc55c1cf95a633d7432"
  version = "v1.10.27"

[[projects]]
  branch = "master"
  digest = "1:8f3727f779fee5c52bd3cd8c2901458f782bb74e5b80906ac0f7cb5a312887c9"
  name = "github.com/cheekybits/is"
  packages = ["."]
  pruneopts = ""
  revision = "68e9c0620927fb5427fda3708222d0edee89eae9"

[[projects]]
  digest = "1:bb522d6790c531be0b6631f1110e47623d3307672d66749054fa31ddd8878a7d"
  name = "github.com/dgrijalva/jwt-go"
  packages = ["."]
  pruneopts = ""
  revision = "d2709f9f1f31ebcda9651b03077758c1f3a0018c"
  version = "v3.0.0"

[[projects]]
  digest = "1:e26d0f8ccaf4087b93306d5e20e4816258116868ad6c6da0f2b4926c72fb92fa"
  name = "github.com/go-ini/ini"
  packages = ["."]
  pruneopts = ""
  revision = "20b96f641a5ea98f2f8619ff4f3e061cff4833bd"
  version = "v1.28.2"

[[projects]]
  branch = "master"
  digest = "1:107b233e45174dbab5b1324201d092ea9448e58243ab9f039e4c0f332e121e3a"
  name = "github.com/golang/glog"
  packages = ["."]
  pruneopts = ""
  revision = "23def4e6c14b4da8ac2ed8007337bc5eb5007998"

[[projects]]
  branch = "master"
  digest = "1:c1c82531025622f3bf991f3bf44c74b0fc6074a76afe2581dad9f20fe8fc53c6"
  name = "github.com/golang/protobuf"
  packages = ["proto"]
  pruneopts = ""
  revision = "ab9f9a6dab164b7d1246e0e688b0ab7b94d8553e"

[[projects]]
  branch = "master"
  digest = "1:eb46bbcccb4d614888a87b68821d535e7a077291a276cc29fddeb3447791a390"
  name = "github.com/google/readahead"
  packages = ["."]
  pruneopts = ""
  revision = "eaceba16903255cb149d1efc316f6cc83d765268"

[[projects]]
  digest = "1:10623f9a54b3ecc4032857b35c7db8e05b2abd11ab058c796a0f05d142bf8a73"
  name = "github.com/graymeta/stow"
  packages = [
    ".",
    "local",
    "test",
  ]
  pruneopts = ""
  revision = "40ddb0743e48a0b979b7dc57ff214a686b0e1ef2"
  version = "v0.1.0"

[[projects]]
  digest = "1:e6f0b9e4dced4b6b5fedb810e2125a9f74dfe2ef1598c55ecb25e8b3d8f514ea"
  name = "github.com/jmespath/go-jmespath"
  packages = ["."]
  pruneopts = ""
  revision = "3433f3ea46d9f8019119e7dd41274e112a2359a9"
  version = "0.2.2"

[[projects]]
  branch = "master"
  digest = "1:b1f42c766466d647e89116e8a1c7a78bf4b710cabef7a8f99fcf562f2fe9905b"
  name = "github.com/ncw/swift"
  packages = ["."]
  pruneopts = ""
  revision = "af59a5adcdb59d343cc10d09804a9cbfbc32d385"

[[projects]]
  digest = "1:7365acd48986e205ccb8652cc746f09c8b7876030d53710ea6ef7d0bd0dcd7ca"
  name = "github.com/pkg/errors"
  packages = ["."]
  pruneopts = ""
  revision = "645ef00459ed84a119197bfb8d8205042c6df63d"
  version = "v0.8.0"

[[projects]]
  branch = "master"
  digest = "1:55d570f392d4097aeeabeaddca95c7f939e33ba25ed14ff0a093c6221c3aaed6"
  name = "github.com/pquerna/ffjson"
  packages = [
    "ffjson",
    "fflib/v1",
    "fflib/v1/internal",
  ]
  pruneopts = ""
  revision = "e517b90714f7c0eabe6d2e570a5886ae077d6db6"

[[projects]]
  digest = "1:6b55df4b0517a459af9d3879c99330af4367adcf45f3d0d37ded80a6272ae057"
  name = "github.com/satori/uuid"
  packages = ["."]
  pruneopts = ""
  revision = "879c5887cd475cd7864858769793b2ceb0d44feb"
  version = "v1.1.0"

[[projects]]
  branch = "release-branch.go1.8"
  digest = "1:f87099a690af68a0233ef5ed5f9aef690b294d19a681ed5fd7a4bd7c6cf1abf2"
  name = "golang.org/x/net"
  packages = [
    "context",
    "context/ctxhttp",
  ]
  pruneopts = ""
  revision = "186fd3fc8194a5e9980a82230d69c1ff7134229f"

[[projects]]
  branch = "master"
  digest = "1:743418a79d3931dc074914b3a3fb6b1b697f9aade0b8ba35a4f18cfb3e5d0f5c"
  name = "golang.org/x/oauth2"
  packages = [
    ".",
    "google",
    "internal",
    "jws",
    "jwt",
  ]
  pruneopts = ""
  revision = "9a379c6b3e95a790ffc43293c2a78dee0d7b6e20"

[[projects]]
  branch = "master"
  digest = "1:00d3f14e4d04bb430a6d72f5b041a55db47f1e3abcd9c56211825507190ee960"
  name = "google.golang.org/api"
  packages = [
    "gensupport",
    "googleapi",
    "googleapi/internal/uritemplates",
    "storage/v1",
  ]
  pruneopts = ""
  revision = "98825bb0065da4054e5da6db34f5fc598e50bc24"

[[projects]]
  digest = "1:934fb8966f303ede63aa405e2c8d7f0a427a05ea8df335dfdc1833dd4d40756f"
  name = "google.golang.org/appengine"
  packages = [
    ".",
    "internal",
    "internal/app_identity",
    "internal/base",
    "internal/datastore",
    "internal/log",
    "internal/modules",
    "internal/remote_api",
    "internal/urlfetch",
    "urlfetch",
  ]
  pruneopts = ""
  revision = "150dc57a1b433e64154302bdc40b6bb8aefa313a"
  version = "v1.0.0"

[[projects]]
  branch = "master"
  digest = "1:399bb831f0e7166c6fd4fbad3ec38ea7c0de47f00930db38dca32cd9e325a015"
  name = "gopkg.in/kothar/go-backblaze.v0"
  packages = ["."]
  pruneopts = ""
  revision = "9ac0cf0dab1a77a5c25e0e38e6b8e493385f1add"

[solve-meta]
  analyzer-name = "dep"
  analyzer-version = 1
  input-imports = [
    "github.com/Azure/azure-sdk-for-go/storage",
    "github.com/aws/aws-sdk-go/aws",
    "github.com/aws/aws-sdk-go/aws/awserr",
    "github.com/aws/aws-sdk-go/aws/credentials",
    "github.com/aws/aws-sdk-go/aws/session",
    "github.com/aws/aws-sdk-go/service/s3",
    "github.com/cheekybits/is",
    "github.com/graymeta/stow",
    "github.com/graymeta/stow/local",
    "github.com/graymeta/stow/test",
    "github.com/ncw/swift",
    "github.com/pkg/errors",
    "golang.org/x/net/context",
    "golang.org/x/oauth2",
    "golang.org/x/oauth2/google",
    "google.golang.org/api/storage/v1",
    "gopkg.in/kothar/go-backblaze.v0",
  ]
  solver-name = "gps-cdcl"
  solver-version = 1
