# This file is autogenerated, do not edit; changes may be undone by the next 'dep ensure'.


[[projects]]
  digest = "1:7131fa3a68e56764067bb569886cc7b03de5523fe5e81cbe0c70368932a1c622"
  name = "cloud.google.com/go"
  packages = ["compute/metadata"]
  pruneopts = ""
  revision = "28a4bc8c44b3acbcc482cff0cdf7de29a4688b61"
  version = "v0.35.1"

[[projects]]
  digest = "1:9a11be778d5fcb8e4873e64a097dfd2862d8665d9e2d969b90810d5272e51acb"
  name = "github.com/Azure/azure-sdk-for-go"
  packages = ["storage"]
  pruneopts = ""
  revision = "2d49bb8f2cee530cc16f1f1a9f0aae763dee257d"
  version = "v10.2.1-beta"

[[projects]]
  digest = "1:fd2ba97525fca9b2e7cef01858b6b7dbca16eed8f6a9a3dc4809d3bcbbb831d3"
  name = "github.com/Azure/go-autorest"
  packages = [
    "autorest",
    "autorest/adal",
    "autorest/azure",
    "autorest/date",
  ]
  pruneopts = ""
  revision = "5432abe734f8d95c78340cd56712f912906e6514"
  version = "v8.3.1"

[[projects]]
  digest = "1:dc5bf00741b4c528647e35302588a1f048a1d80d6a0e75a733568c54a989e817"
  name = "github.com/aws/aws-sdk-go"
  packages = [
    "aws",
    "aws/awserr",
    "aws/awsutil",
    "aws/client",
    "aws/client/metadata",
    "aws/corehandlers",
    "aws/credentials",
    "aws/credentials/ec2rolecreds",
    "aws/credentials/endpointcreds",
    "aws/credentials/processcreds",
    "aws/credentials/stscreds",
    "aws/csm",
    "aws/defaults",
    "aws/ec2metadata",
    "aws/endpoints",
    "aws/request",
    "aws/session",
    "aws/signer/v4",
    "internal/ini",
    "internal/s3err",
    "internal/sdkio",
    "internal/sdkrand",
    "internal/sdkuri",
    "internal/shareddefaults",
    "private/protocol",
    "private/protocol/eventstream",
    "private/protocol/eventstream/eventstreamapi",
    "private/protocol/query",
    "private/protocol/query/queryutil",
    "private/protocol/rest",
    "private/protocol/restxml",
    "private/protocol/xml/xmlutil",
    "service/s3",
    "service/sts",
  ]
  pruneopts = ""
  revision = "3503f7b53173f227ff96dc247983360cc7cb8463"
  version = "v1.16.25"

[[projects]]
  branch = "master"
  digest = "1:8f3727f779fee5c52bd3cd8c2901458f782bb74e5b80906ac0f7cb5a312887c9"
  name = "github.com/cheekybits/is"
  packages = ["."]
  pruneopts = ""
  revision = "68e9c0620927fb5427fda3708222d0edee89eae9"

[[projects]]
  digest = "1:6098222470fe0172157ce9bbef5d2200df4edde17ee649c5d6e48330e4afa4c6"
  name = "github.com/dgrijalva/jwt-go"
  packages = ["."]
  pruneopts = ""
  revision = "06ea1031745cb8b3dab3f6a236daf2b0aa468b7e"
  version = "v3.2.0"

[[projects]]
  branch = "master"
  digest = "1:107b233e45174dbab5b1324201d092ea9448e58243ab9f039e4c0f332e121e3a"
  name = "github.com/golang/glog"
  packages = ["."]
  pruneopts = ""
  revision = "23def4e6c14b4da8ac2ed8007337bc5eb5007998"

[[projects]]
  digest = "1:3dd078fda7500c341bc26cfbc6c6a34614f295a2457149fc1045cab767cbcf18"
  name = "github.com/golang/protobuf"
  packages = ["proto"]
  pruneopts = ""
  revision = "aa810b61a9c79d51363740d207bb46cf8e620ed5"
  version = "v1.2.0"

[[projects]]
  branch = "master"
  digest = "1:eb46bbcccb4d614888a87b68821d535e7a077291a276cc29fddeb3447791a390"
  name = "github.com/google/readahead"
  packages = ["."]
  pruneopts = ""
  revision = "eaceba16903255cb149d1efc316f6cc83d765268"

[[projects]]
  digest = "1:10623f9a54b3ecc4032857b35c7db8e05b2abd11ab058c796a0f05d142bf8a73"
  name = "github.com/graymeta/stow"
  packages = [
    ".",
    "local",
    "test",
  ]
  pruneopts = ""
  revision = "40ddb0743e48a0b979b7dc57ff214a686b0e1ef2"
  version = "v0.1.0"

[[projects]]
  digest = "1:13fe471d0ed891e8544eddfeeb0471fd3c9f2015609a1c000aefdedf52a19d40"
  name = "github.com/jmespath/go-jmespath"
  packages = ["."]
  pruneopts = ""
  revision = "c2b33e84"

[[projects]]
  branch = "master"
  digest = "1:70388cf590adc26dfbc198ad984b264bf33d742280cb91d1a8b6fcaee6b987ef"
  name = "github.com/ncw/swift"
  packages = ["."]
  pruneopts = ""
  revision = "b2a130b7215bd352e6c48f86bb2a2fd42edf577a"

[[projects]]
  digest = "1:1d7e1867c49a6dd9856598ef7c3123604ea3daabf5b83f303ff457bcbc410b1d"
  name = "github.com/pkg/errors"
  packages = ["."]
  pruneopts = ""
  revision = "ba968bfe8b2f7e042a574c888954fccecfa385b4"
  version = "v0.8.1"

[[projects]]
  branch = "master"
  digest = "1:55d570f392d4097aeeabeaddca95c7f939e33ba25ed14ff0a093c6221c3aaed6"
  name = "github.com/pquerna/ffjson"
  packages = [
    "ffjson",
    "fflib/v1",
    "fflib/v1/internal",
  ]
  pruneopts = ""
  revision = "e517b90714f7c0eabe6d2e570a5886ae077d6db6"

[[projects]]
  digest = "1:7f569d906bdd20d906b606415b7d794f798f91a62fcfb6a4daa6d50690fb7a3f"
  name = "github.com/satori/uuid"
  packages = ["."]
  pruneopts = ""
  revision = "f58768cc1a7a7e77a3bd49e98cdd21419399b6a3"
  version = "v1.2.0"

[[projects]]
  branch = "release-branch.go1.11"
  digest = "1:3837669a90a891c317803d065189d9ff9a743fae1e9583be2c4c817c004d3fd1"
  name = "golang.org/x/net"
  packages = [
    "context",
    "context/ctxhttp",
  ]
  pruneopts = ""
  revision = "a4630153038d3cb8c57f83d95200aea356145cf5"

[[projects]]
  branch = "master"
  digest = "1:f059b0adae6e4630f111d471f127fe69de1f5689ce35465bab387d646c17eb97"
  name = "golang.org/x/oauth2"
  packages = [
    ".",
    "google",
    "internal",
    "jws",
    "jwt",
  ]
  pruneopts = ""
  revision = "5dab4167f31cbd76b407f1486c86b40748bc5073"

[[projects]]
  branch = "master"
  digest = "1:a0b98ef68cfcc79279eb28a8d27d0f3b03045375bdf12cca49d27a1996442b8e"
  name = "google.golang.org/api"
  packages = [
    "gensupport",
    "googleapi",
    "googleapi/internal/uritemplates",
    "storage/v1",
  ]
  pruneopts = ""
  revision = "59f8eae6bc597bfd5d5b292134c4b19d8955ed8a"

[[projects]]
  digest = "1:bc09e719c4e2a15d17163f5272d9a3131c45d77542b7fdc53ff518815bc19ab3"
  name = "google.golang.org/appengine"
  packages = [
    ".",
    "internal",
    "internal/app_identity",
    "internal/base",
    "internal/datastore",
    "internal/log",
    "internal/modules",
    "internal/remote_api",
    "internal/urlfetch",
    "urlfetch",
  ]
  pruneopts = ""
  revision = "e9657d882bb81064595ca3b56cbe2546bbabf7b1"
  version = "v1.4.0"

[[projects]]
  branch = "master"
  digest = "1:399bb831f0e7166c6fd4fbad3ec38ea7c0de47f00930db38dca32cd9e325a015"
  name = "gopkg.in/kothar/go-backblaze.v0"
  packages = ["."]
  pruneopts = ""
  revision = "9ac0cf0dab1a77a5c25e0e38e6b8e493385f1add"

[solve-meta]
  analyzer-name = "dep"
  analyzer-version = 1
  input-imports = [
    "github.com/Azure/azure-sdk-for-go/storage",
    "github.com/aws/aws-sdk-go/aws",
    "github.com/aws/aws-sdk-go/aws/awserr",
    "github.com/aws/aws-sdk-go/aws/credentials",
    "github.com/aws/aws-sdk-go/aws/session",
    "github.com/aws/aws-sdk-go/service/s3",
    "github.com/cheekybits/is",
    "github.com/graymeta/stow",
    "github.com/graymeta/stow/local",
    "github.com/graymeta/stow/test",
    "github.com/ncw/swift",
    "github.com/pkg/errors",
    "golang.org/x/net/context",
    "golang.org/x/oauth2",
    "golang.org/x/oauth2/google",
    "google.golang.org/api/storage/v1",
    "gopkg.in/kothar/go-backblaze.v0",
  ]
  solver-name = "gps-cdcl"
  solver-version = 1
